{
    "_readme": [
        "This file locks the dependencies of your project to a known state",
        "Read more about it at http://getcomposer.org/doc/01-basic-usage.md#composer-lock-the-lock-file",
        "This file is @generated automatically"
    ],
    "hash": "8550ca3caf60e6369c804d6854723690",
    "packages": [
        {
            "name": "klarna/checkout",
            "version": "v1.1.0",
            "source": {
                "type": "git",
                "url": "https://github.com/klarna/kco_php.git",
                "reference": "571f5894ab5d991ddc022d53f54ab48db921e05d"
            },
            "dist": {
                "type": "zip",
                "url": "https://api.github.com/repos/klarna/kco_php/zipball/571f5894ab5d991ddc022d53f54ab48db921e05d",
                "reference": "571f5894ab5d991ddc022d53f54ab48db921e05d",
                "shasum": ""
            },
            "require": {
                "php": ">=5.2.16"
            },
            "type": "library",
            "autoload": {
                "psr-0": {
                    "Klarna": "src"
                }
            },
            "notification-url": "https://packagist.org/downloads/",
            "license": [
                "Apache-2.0"
            ],
            "description": "Wrapper for the Klarna Checkout API",
            "homepage": "http://integration.klarna.com",
            "time": "2013-03-22 13:22:38"
        }
    ],
    "packages-dev": [],
    "aliases": [],
    "minimum-stability": "stable",
    "stability-flags": [],
    "prefer-stable": false,
    "platform": [],
    "platform-dev": []
}
